{
  "name": "moose",
  "version": "0.0",
  "lockfileVersion": 3,
  "requires": true,
  "packages": {
    "": {
      "name": "moose",
      "version": "0.0",
      "dependencies": {
        "@514labs/moose-lib": "^0.0.0",
        "@clickhouse/client-web": "^1.0.1",
        "fastq": "^1.17.1",
        "kafkajs": "^2.2.4"
      },
      "devDependencies": {
        "@514labs/moose-cli": "latest",
        "@types/node": "^20.12.12",
        "typescript": "^5.4.0"
      }
    },
    "node_modules/@514labs/moose-cli": {
      "version": "0.3.398",
      "resolved": "https://registry.npmjs.org/@514labs/moose-cli/-/moose-cli-0.3.398.tgz",
      "integrity": "sha512-fBSHRX6UD4NRgDYayWy0QJ9I0eR5pDh70P0K6ifBrnQ2ymLJrYBqsfl1FjdkP6wXEwCYihc/17nSu8ZWnDH+1g==",
      "dev": true,
      "bin": {
        "moose": "dist/index.js",
        "moose-cli": "dist/index.js"
      },
      "optionalDependencies": {
        "@514labs/moose-cli-darwin-arm64": "0.3.398",
        "@514labs/moose-cli-darwin-x64": "0.3.398",
        "@514labs/moose-cli-linux-arm64": "0.3.398",
        "@514labs/moose-cli-linux-x64": "0.3.398"
      }
    },
    "node_modules/@514labs/moose-cli-darwin-arm64": {
      "version": "0.3.398",
      "resolved": "https://registry.npmjs.org/@514labs/moose-cli-darwin-arm64/-/moose-cli-darwin-arm64-0.3.398.tgz",
      "integrity": "sha512-VJJfeebddsf8FcoOMnb6sL7ScYv4sFqtGolAnPs0eivEHFqyYZ8Cv8GoJ1IZgJZHSb5Lt6ixqBXnFNJJ5aLokA==",
      "cpu": [
        "arm64"
      ],
      "dev": true,
      "optional": true,
      "os": [
        "darwin"
      ]
    },
    "node_modules/@514labs/moose-cli-darwin-x64": {
      "version": "0.3.398",
      "resolved": "https://registry.npmjs.org/@514labs/moose-cli-darwin-x64/-/moose-cli-darwin-x64-0.3.398.tgz",
      "integrity": "sha512-fr1NWJN/2LuiRuypN+1kjTYxvtRgDJMJvjfIhmDX1ofORuGBZWdGYnTtJdrpm70TnPHFcO4Oq3X+gP87TSqkng==",
      "cpu": [
        "x64"
      ],
      "dev": true,
      "optional": true,
      "os": [
        "darwin"
      ]
    },
    "node_modules/@514labs/moose-cli-linux-arm64": {
      "version": "0.3.398",
      "resolved": "https://registry.npmjs.org/@514labs/moose-cli-linux-arm64/-/moose-cli-linux-arm64-0.3.398.tgz",
      "integrity": "sha512-P3VlXqFVxhgKaNTX8MgBq2NaeE60yBFXXpjYYY0ik1MpSwxtJWp9GuH8HIdfS3ulVIClhDJpRKLToksQReSdYg==",
      "cpu": [
        "arm64"
      ],
      "dev": true,
      "optional": true,
      "os": [
        "linux"
      ]
    },
    "node_modules/@514labs/moose-cli-linux-x64": {
      "version": "0.3.398",
      "resolved": "https://registry.npmjs.org/@514labs/moose-cli-linux-x64/-/moose-cli-linux-x64-0.3.398.tgz",
      "integrity": "sha512-6RUO7qVKges1ccV4TgieF+SlyqOJLoMgpjQm5FnZKvmmKn7LjWE3+cpaMScoVh4ECJGgGx9lpm7+xaLj28l2Ug==",
      "cpu": [
        "x64"
      ],
      "dev": true,
      "optional": true,
      "os": [
        "linux"
      ]
    },
    "node_modules/@514labs/moose-lib": {
      "version": "0.0.0",
      "resolved": "https://registry.npmjs.org/@514labs/moose-lib/-/moose-lib-0.0.0.tgz",
      "integrity": "sha512-5P2GGsbv5zt1lwIXHxi1S7Db8DMYp05jHJTl8HKRtAUkpp0FW5R5tgdMwxI+sy6E5HUTwLXSSSOvOLoMe+JuDQ=="
    },
    "node_modules/@clickhouse/client-common": {
      "version": "1.1.0",
      "resolved": "https://registry.npmjs.org/@clickhouse/client-common/-/client-common-1.1.0.tgz",
      "integrity": "sha512-saD6vNg+gIZACT5OSCWn0evLBP+Cs5bBR2Ol24yOQc8AXcw94b1qcDjQEVxms1xzO6heFhZRuPf+YefMNrL3Ig=="
    },
    "node_modules/@clickhouse/client-web": {
      "version": "1.1.0",
      "resolved": "https://registry.npmjs.org/@clickhouse/client-web/-/client-web-1.1.0.tgz",
      "integrity": "sha512-BicoD3siXefroCgwVvZwCJhAOp+jo62La5yPyZp0FZ38mh7Po2vNS/VU34GRU+Kgc9+DJuDiAOmgclSveXsgMA==",
      "dependencies": {
        "@clickhouse/client-common": "1.1.0"
      }
    },
    "node_modules/@types/node": {
      "version": "20.14.2",
      "resolved": "https://registry.npmjs.org/@types/node/-/node-20.14.2.tgz",
      "integrity": "sha512-xyu6WAMVwv6AKFLB+e/7ySZVr/0zLCzOa7rSpq6jNwpqOrUbcACDWC+53d4n2QHOnDou0fbIsg8wZu/sxrnI4Q==",
      "dev": true,
      "dependencies": {
        "undici-types": "~5.26.4"
      }
    },
    "node_modules/fastq": {
      "version": "1.17.1",
      "resolved": "https://registry.npmjs.org/fastq/-/fastq-1.17.1.tgz",
      "integrity": "sha512-sRVD3lWVIXWg6By68ZN7vho9a1pQcN/WBFaAAsDDFzlJjvoGx0P8z7V1t72grFJfJhu3YPZBuu25f7Kaw2jN1w==",
      "dependencies": {
        "reusify": "^1.0.4"
      }
    },
    "node_modules/kafkajs": {
      "version": "2.2.4",
      "resolved": "https://registry.npmjs.org/kafkajs/-/kafkajs-2.2.4.tgz",
      "integrity": "sha512-j/YeapB1vfPT2iOIUn/vxdyKEuhuY2PxMBvf5JWux6iSaukAccrMtXEY/Lb7OvavDhOWME589bpLrEdnVHjfjA==",
      "engines": {
        "node": ">=14.0.0"
      }
    },
    "node_modules/reusify": {
      "version": "1.0.4",
      "resolved": "https://registry.npmjs.org/reusify/-/reusify-1.0.4.tgz",
      "integrity": "sha512-U9nH88a3fc/ekCF1l0/UP1IosiuIjyTh7hBvXVMHYgVcfGvt897Xguj2UOLDeI5BG2m7/uwyaLVT6fbtCwTyzw==",
      "engines": {
        "iojs": ">=1.0.0",
        "node": ">=0.10.0"
      }
    },
    "node_modules/typescript": {
      "version": "5.4.5",
      "resolved": "https://registry.npmjs.org/typescript/-/typescript-5.4.5.tgz",
      "integrity": "sha512-vcI4UpRgg81oIRUFwR0WSIHKt11nJ7SAVlYNIu+QpqeyXP+gpQJy/Z4+F0aGxSE4MqwjyXvW/TzgkLAx2AGHwQ==",
      "dev": true,
      "bin": {
        "tsc": "bin/tsc",
        "tsserver": "bin/tsserver"
      },
      "engines": {
        "node": ">=14.17"
      }
    },
    "node_modules/undici-types": {
      "version": "5.26.5",
      "resolved": "https://registry.npmjs.org/undici-types/-/undici-types-5.26.5.tgz",
      "integrity": "sha512-JlCMO+ehdEIKqlFxk6IfVoAUVmgz7cU7zD/h9XZ0qzeosSHmUJVOzSQvvYSYWXkFXC+IfLKSIffhv0sVZup6pA==",
      "dev": true
    }
  }
}
