{
  "name": "internal-app",
  "version": "0.5",
  "lockfileVersion": 3,
  "requires": true,
  "packages": {
    "": {
      "name": "internal-app",
      "version": "0.5",
      "dependencies": {
        "@514labs/moose-lib": "0.3.451",
        "@clickhouse/client-web": "^1.0.1",
        "fastq": "^1.17.1",
        "kafkajs": "^2.2.4"
      },
      "devDependencies": {
        "@514labs/moose-cli": "0.3.451",
        "@types/node": "^20.12.12",
        "ts-patch": "~3.2.0",
        "typescript": "~5.4.0"
      }
    },
    "../../node_modules/.pnpm/@clickhouse+client-web@1.0.2/node_modules/@clickhouse/client-web": {
      "version": "1.0.2",
      "license": "Apache-2.0",
      "dependencies": {
        "@clickhouse/client-common": "1.0.2"
      }
    },
    "../../node_modules/.pnpm/@types+node@20.12.12/node_modules/@types/node": {
      "version": "20.12.12",
      "dev": true,
      "license": "MIT",
      "dependencies": {
        "undici-types": "~5.26.4"
      }
    },
    "../../node_modules/.pnpm/fastq@1.17.1/node_modules/fastq": {
      "version": "1.17.1",
      "license": "ISC",
      "dependencies": {
        "reusify": "^1.0.4"
      },
      "devDependencies": {
        "async": "^3.1.0",
        "neo-async": "^2.6.1",
        "nyc": "^15.0.0",
        "pre-commit": "^1.2.2",
        "snazzy": "^9.0.0",
        "standard": "^16.0.0",
        "tape": "^5.0.0",
        "typescript": "^5.0.4"
      }
    },
    "../../node_modules/.pnpm/kafkajs@2.2.4/node_modules/kafkajs": {
      "version": "2.2.4",
      "license": "MIT",
      "devDependencies": {
        "@types/jest": "^27.4.0",
        "@types/node": "^12.0.8",
        "@typescript-eslint/typescript-estree": "^1.10.2",
        "eslint": "^6.8.0",
        "eslint-config-prettier": "^6.0.0",
        "eslint-config-standard": "^13.0.1",
        "eslint-plugin-import": "^2.18.2",
        "eslint-plugin-jest": "^26.1.0",
        "eslint-plugin-node": "^11.0.0",
        "eslint-plugin-prettier": "^3.1.0",
        "eslint-plugin-promise": "^4.2.1",
        "eslint-plugin-standard": "^4.0.0",
        "execa": "^2.0.3",
        "glob": "^7.1.4",
        "husky": "^3.0.1",
        "ip": "^1.1.5",
        "jest": "^25.1.0",
        "jest-circus": "^25.1.0",
        "jest-extended": "^0.11.2",
        "jest-junit": "^10.0.0",
        "jsonwebtoken": "^9.0.0",
        "lint-staged": "^9.2.0",
        "mockdate": "^2.0.5",
        "prettier": "^1.18.2",
        "semver": "^6.2.0",
        "typescript": "^3.8.3",
        "uuid": "^3.3.2"
      },
      "engines": {
        "node": ">=14.0.0"
      }
    },
    "../../node_modules/.pnpm/ts-patch@3.2.0/node_modules/ts-patch": {
      "version": "3.2.0",
      "license": "MIT",
      "dependencies": {
        "chalk": "^4.1.2",
        "global-prefix": "^3.0.0",
        "minimist": "^1.2.8",
        "resolve": "^1.22.2",
        "semver": "^7.5.4",
        "strip-ansi": "^6.0.1"
      },
      "bin": {
        "ts-patch": "bin/ts-patch.js",
        "tspc": "bin/tspc.js"
      }
    },
    "../../node_modules/.pnpm/typescript@5.4.5/node_modules/typescript": {
      "version": "5.4.5",
      "dev": true,
      "license": "Apache-2.0",
      "bin": {
        "tsc": "bin/tsc",
        "tsserver": "bin/tsserver"
      },
      "devDependencies": {
        "@esfx/canceltoken": "^1.0.0",
        "@octokit/rest": "^20.0.2",
        "@types/chai": "^4.3.11",
        "@types/glob": "^8.1.0",
        "@types/microsoft__typescript-etw": "^0.1.3",
        "@types/minimist": "^1.2.5",
        "@types/mocha": "^10.0.6",
        "@types/ms": "^0.7.34",
        "@types/node": "latest",
        "@types/source-map-support": "^0.5.10",
        "@types/which": "^3.0.3",
        "@typescript-eslint/eslint-plugin": "^6.19.0",
        "@typescript-eslint/parser": "^6.19.0",
        "@typescript-eslint/utils": "^6.19.0",
        "azure-devops-node-api": "^12.3.0",
        "c8": "^9.1.0",
        "chai": "^4.4.1",
        "chalk": "^4.1.2",
        "chokidar": "^3.5.3",
        "diff": "^5.1.0",
        "dprint": "^0.45.0",
        "esbuild": "^0.20.0",
        "eslint": "^8.56.0",
        "eslint-formatter-autolinkable-stylish": "^1.3.0",
        "eslint-plugin-local": "^3.1.0",
        "eslint-plugin-no-null": "^1.0.2",
        "eslint-plugin-simple-import-sort": "^10.0.0",
        "fast-xml-parser": "^4.3.3",
        "glob": "^10.3.10",
        "hereby": "^1.8.9",
        "jsonc-parser": "^3.2.0",
        "minimist": "^1.2.8",
        "mocha": "^10.2.0",
        "mocha-fivemat-progress-reporter": "^0.1.0",
        "ms": "^2.1.3",
        "node-fetch": "^3.3.2",
        "playwright": "^1.41.0",
        "source-map-support": "^0.5.21",
        "tslib": "^2.6.2",
        "typescript": "5.4.0-dev.20240119",
        "which": "^3.0.1"
      },
      "engines": {
        "node": ">=14.17"
      }
    },
    "node_modules/@514labs/moose-cli": {
      "version": "0.3.451",
      "resolved": "https://registry.npmjs.org/@514labs/moose-cli/-/moose-cli-0.3.451.tgz",
      "integrity": "sha512-ZQJQ7TL01lNbcFUja8Qt6XxVpkilat96F5FxwlaIQlKJH7mTDqSCRvRuU1CBNvdn5W7eCSX+/9NrLp1xPp17aw==",
      "dev": true,
      "bin": {
        "moose": "dist/index.js",
        "moose-cli": "dist/index.js"
      },
      "optionalDependencies": {
        "@514labs/moose-cli-darwin-arm64": "0.3.451",
        "@514labs/moose-cli-darwin-x64": "0.3.451",
        "@514labs/moose-cli-linux-arm64": "0.3.451",
        "@514labs/moose-cli-linux-x64": "0.3.451"
      }
    },
    "node_modules/@514labs/moose-cli-darwin-arm64": {
      "version": "0.3.451",
      "resolved": "https://registry.npmjs.org/@514labs/moose-cli-darwin-arm64/-/moose-cli-darwin-arm64-0.3.451.tgz",
      "integrity": "sha512-SU2rMPJ0r7VVvpvTS3pGj2Ku2mA3tXelaX7dbutFux9Ajtv2KcILfM81Mx6qoURpRkGctcEcemMvDI739WUKeQ==",
      "cpu": [
        "arm64"
      ],
      "dev": true,
      "optional": true,
      "os": [
        "darwin"
      ]
    },
    "node_modules/@514labs/moose-cli-darwin-x64": {
      "version": "0.3.451",
      "resolved": "https://registry.npmjs.org/@514labs/moose-cli-darwin-x64/-/moose-cli-darwin-x64-0.3.451.tgz",
      "integrity": "sha512-5KVJIzCOCyquKy8vc9N46xSG9v633djmjZzVKBCpgW17JdQ1ruIx5dWkP656XsXwAd0tUMJsx8av4Em1DzGW+A==",
      "cpu": [
        "x64"
      ],
      "dev": true,
      "optional": true,
      "os": [
        "darwin"
      ]
    },
    "node_modules/@514labs/moose-cli-linux-arm64": {
      "version": "0.3.451",
      "resolved": "https://registry.npmjs.org/@514labs/moose-cli-linux-arm64/-/moose-cli-linux-arm64-0.3.451.tgz",
      "integrity": "sha512-96c10m1GS2VTah3/43dlMQGyoV+2o3FktBhIjY4W6dtAZM+HGO/wktABVzKeieuYlUpECu2toCXZQyPelM51Yw==",
      "cpu": [
        "arm64"
      ],
      "dev": true,
      "optional": true,
      "os": [
        "linux"
      ]
    },
    "node_modules/@514labs/moose-cli-linux-x64": {
      "version": "0.3.451",
      "resolved": "https://registry.npmjs.org/@514labs/moose-cli-linux-x64/-/moose-cli-linux-x64-0.3.451.tgz",
      "integrity": "sha512-3QB+Np8yXahzquq+ObfX9D0InP9Qq45MajLSnrPRNZ9fyRWUhBiSnZsjE6bmq6qoR752RGMy1wEYXRP3bGMUOg==",
      "cpu": [
        "x64"
      ],
      "dev": true,
      "optional": true,
      "os": [
        "linux"
      ]
    },
    "node_modules/@514labs/moose-lib": {
      "version": "0.3.451",
      "resolved": "https://registry.npmjs.org/@514labs/moose-lib/-/moose-lib-0.3.451.tgz",
      "integrity": "sha512-WzVTLIobjsxPKTV9h3PZfuvIHWJ/x3QI+SUAYSDylwi18N0P3x2hBZ2rLDDDPXqE5VNkQS6xQ+kizZ7xSPDWBA==",
      "dependencies": {
        "@clickhouse/client-web": "^1.0.1",
        "fastq": "^1.17.1",
        "kafkajs": "^2.2.4",
        "ts-patch": "^3.1.2"
      },
      "bin": {
        "ts-node": "node_modules/ts-node/dist/bin.js"
      }
    },
    "node_modules/@clickhouse/client-web": {
      "resolved": "../../node_modules/.pnpm/@clickhouse+client-web@1.0.2/node_modules/@clickhouse/client-web",
      "link": true
    },
    "node_modules/@types/node": {
      "resolved": "../../node_modules/.pnpm/@types+node@20.12.12/node_modules/@types/node",
      "link": true
    },
    "node_modules/fastq": {
      "resolved": "../../node_modules/.pnpm/fastq@1.17.1/node_modules/fastq",
      "link": true
    },
    "node_modules/kafkajs": {
      "resolved": "../../node_modules/.pnpm/kafkajs@2.2.4/node_modules/kafkajs",
      "link": true
    },
    "node_modules/ts-patch": {
      "resolved": "../../node_modules/.pnpm/ts-patch@3.2.0/node_modules/ts-patch",
      "link": true
    },
    "node_modules/typescript": {
      "resolved": "../../node_modules/.pnpm/typescript@5.4.5/node_modules/typescript",
      "link": true
    }
  }
}
